
Microsoft Visual Studio Solution File, Format Version 12.00
# Visual Studio 15
VisualStudioVersion = 15.0.28306.52
MinimumVisualStudioVersion = 10.0.40219.1
Project("{FAE04EC0-301F-11D3-BF4B-00C04F79EFBC}") = "WebApplication6", "WebApplication6\WebApplication6.csproj", "{4D7FE4CB-8BC7-4FC0-98D1-36E15E5BC814}"
EndProject
Global
	GlobalSection(SolutionConfigurationPlatforms) = preSolution
		Debug|Any CPU = Debug|Any CPU
		Release|Any CPU = Release|Any CPU
	EndGlobalSection
	GlobalSection(ProjectConfigurationPlatforms) = postSolution
		{4D7FE4CB-8BC7-4FC0-98D1-36E15E5BC814}.Debug|Any CPU.ActiveCfg = Debug|Any CPU
		{4D7FE4CB-8BC7-4FC0-98D1-36E15E5BC814}.Debug|Any CPU.Build.0 = Debug|Any CPU
		{4D7FE4CB-8BC7-4FC0-98D1-36E15E5BC814}.Release|Any CPU.ActiveCfg = Release|Any CPU
		{4D7FE4CB-8BC7-4FC0-98D1-36E15E5BC814}.Release|Any CPU.Build.0 = Release|Any CPU
	EndGlobalSection
	GlobalSection(SolutionProperties) = preSolution
		HideSolutionNode = FALSE
	EndGlobalSection
	GlobalSection(ExtensibilityGlobals) = postSolution
		SolutionGuid = {C5AAB58B-CA7D-46F7-86E3-9798C04E4C13}
	EndGlobalSection
EndGlobal
