
Microsoft Visual Studio Solution File, Format Version 12.00
# Visual Studio 15
VisualStudioVersion = 15.0.28307.106
MinimumVisualStudioVersion = 10.0.40219.1
Project("{FAE04EC0-301F-11D3-BF4B-00C04F79EFBC}") = "WebApplication10", "WebApplication10\WebApplication10.csproj", "{89FFED0C-E995-43A9-9538-66B1A8ABA470}"
EndProject
Global
	GlobalSection(SolutionConfigurationPlatforms) = preSolution
		Debug|Any CPU = Debug|Any CPU
		Release|Any CPU = Release|Any CPU
	EndGlobalSection
	GlobalSection(ProjectConfigurationPlatforms) = postSolution
		{89FFED0C-E995-43A9-9538-66B1A8ABA470}.Debug|Any CPU.ActiveCfg = Debug|Any CPU
		{89FFED0C-E995-43A9-9538-66B1A8ABA470}.Debug|Any CPU.Build.0 = Debug|Any CPU
		{89FFED0C-E995-43A9-9538-66B1A8ABA470}.Release|Any CPU.ActiveCfg = Release|Any CPU
		{89FFED0C-E995-43A9-9538-66B1A8ABA470}.Release|Any CPU.Build.0 = Release|Any CPU
	EndGlobalSection
	GlobalSection(SolutionProperties) = preSolution
		HideSolutionNode = FALSE
	EndGlobalSection
	GlobalSection(ExtensibilityGlobals) = postSolution
		SolutionGuid = {4FFD029C-F239-4E3F-973A-2DFFA2611520}
	EndGlobalSection
EndGlobal
