
Microsoft Visual Studio Solution File, Format Version 12.00
# Visual Studio 15
VisualStudioVersion = 15.0.28307.106
MinimumVisualStudioVersion = 10.0.40219.1
Project("{9A19103F-16F7-4668-BE54-9A1E7A4F7556}") = "WebApplication8", "WebApplication8\WebApplication8.csproj", "{674DB05E-7CB3-4F10-BDDA-7039CED35564}"
EndProject
Project("{FAE04EC0-301F-11D3-BF4B-00C04F79EFBC}") = "WebApplication1", "WebApplication1\WebApplication1.csproj", "{831594F7-5DED-4EDA-82E1-13069AAFA6F5}"
EndProject
Global
	GlobalSection(SolutionConfigurationPlatforms) = preSolution
		Debug|Any CPU = Debug|Any CPU
		Release|Any CPU = Release|Any CPU
	EndGlobalSection
	GlobalSection(ProjectConfigurationPlatforms) = postSolution
		{674DB05E-7CB3-4F10-BDDA-7039CED35564}.Debug|Any CPU.ActiveCfg = Debug|Any CPU
		{674DB05E-7CB3-4F10-BDDA-7039CED35564}.Debug|Any CPU.Build.0 = Debug|Any CPU
		{674DB05E-7CB3-4F10-BDDA-7039CED35564}.Release|Any CPU.ActiveCfg = Release|Any CPU
		{674DB05E-7CB3-4F10-BDDA-7039CED35564}.Release|Any CPU.Build.0 = Release|Any CPU
		{831594F7-5DED-4EDA-82E1-13069AAFA6F5}.Debug|Any CPU.ActiveCfg = Debug|Any CPU
		{831594F7-5DED-4EDA-82E1-13069AAFA6F5}.Debug|Any CPU.Build.0 = Debug|Any CPU
		{831594F7-5DED-4EDA-82E1-13069AAFA6F5}.Release|Any CPU.ActiveCfg = Release|Any CPU
		{831594F7-5DED-4EDA-82E1-13069AAFA6F5}.Release|Any CPU.Build.0 = Release|Any CPU
	EndGlobalSection
	GlobalSection(SolutionProperties) = preSolution
		HideSolutionNode = FALSE
	EndGlobalSection
	GlobalSection(ExtensibilityGlobals) = postSolution
		SolutionGuid = {9DB63EA6-1CB4-449A-8801-22D63E21F3F8}
	EndGlobalSection
EndGlobal
