
Microsoft Visual Studio Solution File, Format Version 12.00
# Visual Studio 15
VisualStudioVersion = 15.0.28307.106
MinimumVisualStudioVersion = 10.0.40219.1
Project("{FAE04EC0-301F-11D3-BF4B-00C04F79EFBC}") = "ASP.NET Core 2.1 with Angular 61", "ASP.NET Core 2.1 with Angular 61.csproj", "{14E0A2C0-EDE1-4289-81CF-9BFB4D3098FB}"
EndProject
Global
	GlobalSection(SolutionConfigurationPlatforms) = preSolution
		Debug|Any CPU = Debug|Any CPU
		Release|Any CPU = Release|Any CPU
	EndGlobalSection
	GlobalSection(ProjectConfigurationPlatforms) = postSolution
		{14E0A2C0-EDE1-4289-81CF-9BFB4D3098FB}.Debug|Any CPU.ActiveCfg = Debug|Any CPU
		{14E0A2C0-EDE1-4289-81CF-9BFB4D3098FB}.Debug|Any CPU.Build.0 = Debug|Any CPU
		{14E0A2C0-EDE1-4289-81CF-9BFB4D3098FB}.Release|Any CPU.ActiveCfg = Release|Any CPU
		{14E0A2C0-EDE1-4289-81CF-9BFB4D3098FB}.Release|Any CPU.Build.0 = Release|Any CPU
	EndGlobalSection
	GlobalSection(SolutionProperties) = preSolution
		HideSolutionNode = FALSE
	EndGlobalSection
	GlobalSection(ExtensibilityGlobals) = postSolution
		SolutionGuid = {C5B38DAE-D37C-488C-9D51-9DA2BECB6682}
	EndGlobalSection
EndGlobal
